# THIS IS AN AUTOGENERATED FILE. DO NOT EDIT THIS FILE DIRECTLY.
# yarn lockfile v1


"@panva/oauth4webapi@1.2.0":
  version "1.2.0"
  resolved "https://registry.npmjs.org/@panva/oauth4webapi/-/oauth4webapi-1.2.0.tgz#f0bce0da0953dd8f8c091af77d559fddf44f1b0f"
  integrity sha512-OmwAE3fzlSJsA0zzCWA/ob7Nwb7nwzku8vbAjgmnkkVYbpyokBsaVrrzog9cM0RMytXexpNNcbQbMF/UNa71mg==
